<Solution>
  <Folder Name="/src/" />
  <Folder Name="/src/Aspire/">
    <Project Path="src/Aspire/Bagatka.AiSloth.AppHost/Bagatka.AiSloth.AppHost.csproj" />
    <Project Path="src/Aspire/Bagatka.ServiceDefaults/Bagatka.ServiceDefaults.csproj" />
  </Folder>
  <Folder Name="/src/ControlPlane/">
    <Project Path="src/ControlPlane/Bagatka.AiSloth.WebApi/Bagatka.AiSloth.WebApi.csproj" />
  </Folder>
  <Folder Name="/src/Foundation/">
    <Project Path="src/Foundation/Bagatka.Foundation/Bagatka.Foundation.csproj" />
  </Folder>
  <Folder Name="/tests/">
    <Project Path="tests/Bagatka.Foundation.Tests/Bagatka.Foundation.Tests.csproj" />
  </Folder>
</Solution>
