{
  "version": 2,
  "dependencies": {
    "net11.0": {
      "Grpc.Net.Client": {
        "type": "Direct",
        "requested": "[2.84.0, )",
        "resolved": "2.84.0",
        "contentHash": "My6Fms2YCyAbihTBZZ3kLS39iTY2pkMAzGDBTC6XhPOujg70eB07AEJ7tPiW3tZ70bhFzHcc3+d4j3DaIPF3aA==",
        "dependencies": {
          "Grpc.Net.Common": "2.84.0"
        }
      },
      "Meziantou.Analyzer": {
        "type": "Direct",
        "requested": "[3.0.294, )",
        "resolved": "3.0.294",
        "contentHash": "j78ENG75OozcuL0OPSIjvgLaYI4F5nS8mpK02PlXCCCXj8A4CAIfpKw27ZPvG4k8TweGqParV8Dwm2VAwBBmgg=="
      },
      "Microsoft.CodeAnalysis.BannedApiAnalyzers": {
        "type": "Direct",
        "requested": "[5.6.0, )",
        "resolved": "5.6.0",
        "contentHash": "Kcobt3pnOdO0A+6CKiMHZdTEluJpsfxiV20axtZdmfBQnDmiWTKPJADlgAfdTuKNAnVarrkJa0UEGwuOo91muw=="
      },
      "Microsoft.DotNet.ILCompiler": {
        "type": "Direct",
        "requested": "[11.0.0-rc.1.26425.128, )",
        "resolved": "11.0.0-rc.1.26425.128",
        "contentHash": "q57ZvrTIRKI4s12hLMA3LN4Gh48CuiGMKGL0Pmz7YnGLIvkQVMX8T+DtI6VdqYaCnGTstiw1LdE2PRsd13WdNg=="
      },
      "Microsoft.Extensions.Logging.Console": {
        "type": "Direct",
        "requested": "[11.0.0-rc.1.26425.128, )",
        "resolved": "11.0.0-rc.1.26425.128",
        "contentHash": "ft9SeFeLUyhLRoP9vw9zEtH9ScR/VIIae37IfvVk3Cd2GWHTV/sR9c8i7OR4QCPaVMRNZiL5KBazqOer3P2TZg==",
        "dependencies": {
          "Microsoft.Extensions.Logging": "11.0.0-rc.1.26425.128",
          "Microsoft.Extensions.Logging.Configuration": "11.0.0-rc.1.26425.128"
        }
      },
      "Microsoft.NET.ILLink.Tasks": {
        "type": "Direct",
        "requested": "[11.0.0-rc.1.26425.128, )",
        "resolved": "11.0.0-rc.1.26425.128",
        "contentHash": "oMgihfjNcxZpR9B/O5Ke8Qmr8CJcpdzG4PnVYtA6Ja4g41NELxLRuiqqh5ys7w+ourEBNng2IIZnrlMJXfncmQ=="
      },
      "Grpc.Net.Common": {
        "type": "Transitive",
        "resolved": "2.84.0",
        "contentHash": "DPxm/H8G/lDRrz997wM0M2zN/PGqVeZKDakhBbtABEbv6WIW4HI9g3BvntBQT6ZUROuGacMzfyyF9e5kiTVFfQ==",
        "dependencies": {
          "Grpc.Core.Api": "2.84.0"
        }
      },
      "Microsoft.Extensions.Configuration": {
        "type": "Transitive",
        "resolved": "11.0.0-rc.1.26425.128",
        "contentHash": "67EIKOU5pzuMcTHoezn/hmv1hyMcxpiSIlVL9oT6Uc3bcErYhkTBuZCuVqHuNjJBm0nqmpJb1v644M/NV7Q0Vw=="
      },
      "Microsoft.Extensions.Configuration.Binder": {
        "type": "Transitive",
        "resolved": "11.0.0-rc.1.26425.128",
        "contentHash": "1AI7GybRhwcPmOgi275FOlxDP3PL/pspE1R4itBxLgQ771sRy0LhYi4usSYNvixnocxcPp0aZqJ27CyYdM9Aaw==",
        "dependencies": {
          "Microsoft.Extensions.Configuration": "11.0.0-rc.1.26425.128"
        }
      },
      "Microsoft.Extensions.Logging": {
        "type": "Transitive",
        "resolved": "11.0.0-rc.1.26425.128",
        "contentHash": "SxnI3xH/jZ11sRY5l1DqaqH4z7tyEqAa0ehQ6xsBGenst1mFy91iGWGZfUA0MnyPxQCdjmAlvPmuCvLsrv/ufw==",
        "dependencies": {
          "Microsoft.Extensions.DependencyInjection": "11.0.0-rc.1.26425.128"
        }
      },
      "Microsoft.Extensions.Logging.Configuration": {
        "type": "Transitive",
        "resolved": "11.0.0-rc.1.26425.128",
        "contentHash": "ZrK5NbDAUo4tJmsi4PrqYDU52tHFuGE6n3O+pB/p55Azo8+sr9DnwUDjMu0QOt+DYQfc7Q0yY9MNDGTjEkx2Uw==",
        "dependencies": {
          "Microsoft.Extensions.Configuration": "11.0.0-rc.1.26425.128",
          "Microsoft.Extensions.Configuration.Binder": "11.0.0-rc.1.26425.128",
          "Microsoft.Extensions.Logging": "11.0.0-rc.1.26425.128",
          "Microsoft.Extensions.Options.ConfigurationExtensions": "11.0.0-rc.1.26425.128"
        }
      },
      "Microsoft.Extensions.Options.ConfigurationExtensions": {
        "type": "Transitive",
        "resolved": "11.0.0-rc.1.26425.128",
        "contentHash": "z3K4AJwVQeNAHUfU4DSvs3Yvnzak7vbbD/rtcU4eKMxCKmmw3PA3sTefMTUUcIrePEhpIEODGtiOGJ00b/dNzg==",
        "dependencies": {
          "Microsoft.Extensions.Configuration.Binder": "11.0.0-rc.1.26425.128"
        }
      },
      "bagatka.aisloth.daemonprotocol": {
        "type": "Project",
        "dependencies": {
          "Google.Protobuf": "[3.36.2, )",
          "Grpc.Core.Api": "[2.84.0, )"
        }
      },
      "bagatka.posthog": {
        "type": "Project"
      },
      "Google.Protobuf": {
        "type": "CentralTransitive",
        "requested": "[3.36.2, )",
        "resolved": "3.36.2",
        "contentHash": "Ci1q1iJg74qAE5riTA2FbMS0wPbpruPQI/JQ9DrAsRo2VsSxgt1e/pmxGxgrci+pXJEgrSYg2vPl8rrStZkclQ=="
      },
      "Grpc.Core.Api": {
        "type": "CentralTransitive",
        "requested": "[2.84.0, )",
        "resolved": "2.84.0",
        "contentHash": "p2SOMl6q/GZ4/5MLkgboC/z55g4zKUEruRn/g46QgppjQBVnsLZVBU/9VO7n60ll38G3Eo8Zu9b7x+W01GKFVg=="
      },
      "Microsoft.Extensions.DependencyInjection": {
        "type": "CentralTransitive",
        "requested": "[11.0.0-rc.1.26425.128, )",
        "resolved": "11.0.0-rc.1.26425.128",
        "contentHash": "r9VvtUpwM0MZ21DaTQWDqmsm6ABmuuXA/4aqa9LJVZET0HGlIG0Z5eN2esarFAQW2xtgGFyIYcnWs5uxUUizgg=="
      }
    },
    "net11.0/linux-arm64": {
      "Microsoft.DotNet.ILCompiler": {
        "type": "Direct",
        "requested": "[11.0.0-rc.1.26425.128, )",
        "resolved": "11.0.0-rc.1.26425.128",
        "contentHash": "q57ZvrTIRKI4s12hLMA3LN4Gh48CuiGMKGL0Pmz7YnGLIvkQVMX8T+DtI6VdqYaCnGTstiw1LdE2PRsd13WdNg==",
        "dependencies": {
          "runtime.linux-arm64.Microsoft.DotNet.ILCompiler": "11.0.0-rc.1.26425.128"
        }
      },
      "runtime.linux-arm64.Microsoft.DotNet.ILCompiler": {
        "type": "Transitive",
        "resolved": "11.0.0-rc.1.26425.128",
        "contentHash": "pF009g+454ntFGfwZyLHub3Ou/EKUfk+xNE0oIzFmDSFSIuOXNm/t+mElrZTsIq4GGm/OeuMYW2qz339GEs2Kg=="
      }
    },
    "net11.0/linux-x64": {
      "Microsoft.DotNet.ILCompiler": {
        "type": "Direct",
        "requested": "[11.0.0-rc.1.26425.128, )",
        "resolved": "11.0.0-rc.1.26425.128",
        "contentHash": "q57ZvrTIRKI4s12hLMA3LN4Gh48CuiGMKGL0Pmz7YnGLIvkQVMX8T+DtI6VdqYaCnGTstiw1LdE2PRsd13WdNg==",
        "dependencies": {
          "runtime.linux-x64.Microsoft.DotNet.ILCompiler": "11.0.0-rc.1.26425.128"
        }
      },
      "runtime.linux-x64.Microsoft.DotNet.ILCompiler": {
        "type": "Transitive",
        "resolved": "11.0.0-rc.1.26425.128",
        "contentHash": "/mqTFMUrzKDQe0o542yw7OhwqjZFqJliVrvcpatiSFrem6NVmjsna38tYSDVX4rhjKFEOtgbJLWoo8Itoj2S1Q=="
      }
    }
  }
}