{
  "version": 2,
  "dependencies": {
    "net11.0": {
      "Azure.Identity": {
        "type": "Direct",
        "requested": "[1.21.0, )",
        "resolved": "1.21.0",
        "contentHash": "GeFv8sGwRKvDKwI2WFy8r0mhmlxEVZg24Sit2NogTjiSO8RVjllWM65OT6e1sKjOvG8V74y7hAbaELUUPjZQSw==",
        "dependencies": {
          "Azure.Core": "1.53.0"
        }
      },
      "Grpc.AspNetCore.Server": {
        "type": "Direct",
        "requested": "[2.84.0, )",
        "resolved": "2.84.0",
        "contentHash": "RXUkMjU+Hu5tvf5EXNoJlKX+ADvR2HERkNRznMFpsQQiHFsaQ+OYyhgomuLxAaiNuPUmCUGPxyiCdqq//lrQdg==",
        "dependencies": {
          "Grpc.Net.Common": "2.84.0"
        }
      },
      "Meziantou.Analyzer": {
        "type": "Direct",
        "requested": "[3.0.294, )",
        "resolved": "3.0.294",
        "contentHash": "j78ENG75OozcuL0OPSIjvgLaYI4F5nS8mpK02PlXCCCXj8A4CAIfpKw27ZPvG4k8TweGqParV8Dwm2VAwBBmgg=="
      },
      "Microsoft.AspNetCore.OpenApi": {
        "type": "Direct",
        "requested": "[11.0.0-rc.1.26425.128, )",
        "resolved": "11.0.0-rc.1.26425.128",
        "contentHash": "Gy2njnO4YX6Vdd8ca5q86MNYQSyMdvWKkLiQrT4cvCgIyTg+pNIwh5Sq+LJf+gzIXmeBnolE+RWDYOkbnndDZA==",
        "dependencies": {
          "Microsoft.OpenApi": "[3.10.0, 4.0.0)"
        }
      },
      "Microsoft.CodeAnalysis.BannedApiAnalyzers": {
        "type": "Direct",
        "requested": "[5.6.0, )",
        "resolved": "5.6.0",
        "contentHash": "Kcobt3pnOdO0A+6CKiMHZdTEluJpsfxiV20axtZdmfBQnDmiWTKPJADlgAfdTuKNAnVarrkJa0UEGwuOo91muw=="
      },
      "Microsoft.EntityFrameworkCore.Design": {
        "type": "Direct",
        "requested": "[11.0.0-rc.1.26425.128, )",
        "resolved": "11.0.0-rc.1.26425.128",
        "contentHash": "s6yVK+byZWXpjh4AwPoa/b6vhF0N2+d/pGkgqkB+ufMB8ygJ/CTzgm1Y3Qb8WQu18TTQjrfofqXCZSgn20CKwQ==",
        "dependencies": {
          "Humanizer.Core": "3.0.10",
          "Microsoft.Build.Framework": "18.4.0",
          "Microsoft.CodeAnalysis.CSharp": "5.3.0",
          "Microsoft.CodeAnalysis.CSharp.Workspaces": "5.3.0",
          "Microsoft.CodeAnalysis.Workspaces.MSBuild": "5.3.0",
          "Microsoft.EntityFrameworkCore.Relational": "[11.0.0-rc.1.26425.128, 12.0.0-a)",
          "Microsoft.Extensions.DependencyModel": "11.0.0-rc.1.26425.128",
          "Mono.TextTemplating": "3.0.0"
        }
      },
      "Microsoft.IdentityModel.Protocols.OpenIdConnect": {
        "type": "Direct",
        "requested": "[8.23.0, )",
        "resolved": "8.23.0",
        "contentHash": "QvvFeTznlWHZ7w3aE4cJ+Ln2BnKzKleVG+H7ywiNcQtGUWmo2XS3LJDizpTyv9N0b8FDWYOnvWAxNynaJapwMQ==",
        "dependencies": {
          "Microsoft.IdentityModel.Protocols": "8.23.0",
          "System.IdentityModel.Tokens.Jwt": "8.23.0"
        }
      },
      "Apache.Arrow": {
        "type": "Transitive",
        "resolved": "22.1.0",
        "contentHash": "mTdHWGsNCWpKyQxqyNcSS+q4BtBTSOUfhdG+Lwo6eAOznCLSwrZQ5VKtDG2G8VrUp1ul4DwWHefoBS1umjO/VQ=="
      },
      "Azure.Storage.Common": {
        "type": "Transitive",
        "resolved": "12.29.0",
        "contentHash": "0VqPcAinzXFJDAELqC+VPFUL6AaU1mmIpDAHarr7DVw3zcJrlo4k3Xc3TCTVBkDgY6YUOjJ00Fd9ZB9En5H2Jg==",
        "dependencies": {
          "Azure.Core": "1.60.0",
          "System.IO.Hashing": "10.0.9"
        }
      },
      "Grpc.Net.Common": {
        "type": "Transitive",
        "resolved": "2.84.0",
        "contentHash": "DPxm/H8G/lDRrz997wM0M2zN/PGqVeZKDakhBbtABEbv6WIW4HI9g3BvntBQT6ZUROuGacMzfyyF9e5kiTVFfQ==",
        "dependencies": {
          "Grpc.Core.Api": "2.84.0"
        }
      },
      "Humanizer.Core": {
        "type": "Transitive",
        "resolved": "3.0.10",
        "contentHash": "yZIhtw8sYuvsONzQbZxWpR60tMWYHXoo0DL6nyOqSFiU5POjBTSEyWFpTQtJEZuy+oqiYTXKXY/Mjx7KnqIQFw=="
      },
      "Microsoft.Bcl.AsyncInterfaces": {
        "type": "Transitive",
        "resolved": "10.0.10",
        "contentHash": "TFI6OKYE1XZz4SGuTSH70c6SBdPpFktXsoa1gCxTr3mKrhmXirnvaS0tKz+J3ZWICEAmMpEGn59nO4ICtUpQXA=="
      },
      "Microsoft.Bcl.Cryptography": {
        "type": "Transitive",
        "resolved": "10.0.2",
        "contentHash": "LG9Yll3B5aNpxv0+D47g6LiOiKBIlodhcHdQwcYzo8VeexFLGqx5ymetmA2aBRyo9cCcWsQWrFsdbsr8LvmWDw=="
      },
      "Microsoft.Build.Framework": {
        "type": "Transitive",
        "resolved": "18.4.0",
        "contentHash": "oq6UxPfzz5S5hCC9hTRBt1r99BwEzCP/h/DadMl/m6RSGTUUXjoblsTTrokYks0SzZ2Cvx0fk4TvuEpxuXxPbw=="
      },
      "Microsoft.CodeAnalysis.Analyzers": {
        "type": "Transitive",
        "resolved": "5.3.0-2.25625.1",
        "contentHash": "4Yhh2fnu3G+J0J1lDc8WZVgMjgbynSeTfkl5IFJMFrmiIO0sc7Tjx+f3sFVV8Sd35PrIUWfof0RWc3lAMl7Azg=="
      },
      "Microsoft.CodeAnalysis.Common": {
        "type": "Transitive",
        "resolved": "5.3.0",
        "contentHash": "uC0qk3jzTQY7i90ehfnCqaOZpBUGJyPMiHJ3c0jOb8yaPBjWzIhVdNxPbeVzI74DB0C+YgBKPLqUkgFZzua5Mg==",
        "dependencies": {
          "Microsoft.CodeAnalysis.Analyzers": "5.3.0-2.25625.1"
        }
      },
      "Microsoft.CodeAnalysis.CSharp.Workspaces": {
        "type": "Transitive",
        "resolved": "5.3.0",
        "contentHash": "mRwxchBs3ewXK4dqK4R/eVCx99VIq1k/lhwArlu+fJuV0uzmbkTTRw4jR9gN9sOcAQfX0uV9KQlmCk1yC0JNog==",
        "dependencies": {
          "Humanizer.Core": "2.14.1",
          "Microsoft.CodeAnalysis.Analyzers": "5.3.0-2.25625.1",
          "Microsoft.CodeAnalysis.CSharp": "[5.3.0]",
          "Microsoft.CodeAnalysis.Common": "[5.3.0]",
          "Microsoft.CodeAnalysis.Workspaces.Common": "[5.3.0]",
          "System.Composition": "9.0.0"
        }
      },
      "Microsoft.CodeAnalysis.Workspaces.Common": {
        "type": "Transitive",
        "resolved": "5.3.0",
        "contentHash": "QSf1ge9A+XFZbGL+gIqXYBIKlm8QdQVLvHDPZiydG11W6mJY7XBMusrsgIEz6L8GYMzGJKTM78m9icliGMF7NA==",
        "dependencies": {
          "Humanizer.Core": "2.14.1",
          "Microsoft.CodeAnalysis.Analyzers": "5.3.0-2.25625.1",
          "Microsoft.CodeAnalysis.Common": "[5.3.0]",
          "System.Composition": "9.0.0"
        }
      },
      "Microsoft.CodeAnalysis.Workspaces.MSBuild": {
        "type": "Transitive",
        "resolved": "5.3.0",
        "contentHash": "2Mg/ppo5dza1e4DJWX4+RIHMc3FgnYzuHTaLRZDupiK1LTi/PAZ1PBpF/iivHVNKQKwipHE984gy37MbM0RO9Q==",
        "dependencies": {
          "Humanizer.Core": "2.14.1",
          "Microsoft.Build.Framework": "17.11.48",
          "Microsoft.CodeAnalysis.Analyzers": "5.3.0-2.25625.1",
          "Microsoft.CodeAnalysis.Workspaces.Common": "[5.3.0]",
          "Microsoft.VisualStudio.SolutionPersistence": "1.0.52",
          "System.Composition": "9.0.0"
        }
      },
      "Microsoft.EntityFrameworkCore": {
        "type": "Transitive",
        "resolved": "11.0.0-rc.1.26425.128",
        "contentHash": "nichlvtvebHy90cJoHQjTr6TvWhdxbUxK1mQac/6NJcVMz/HYRQF0ihJ1ZkE/JeKr2ys3jDjl1IdNhHiWpQ/HQ==",
        "dependencies": {
          "Microsoft.EntityFrameworkCore.Abstractions": "[11.0.0-rc.1.26425.128, 12.0.0-a)",
          "Microsoft.EntityFrameworkCore.Analyzers": "[11.0.0-rc.1.26425.128, 12.0.0-a)"
        }
      },
      "Microsoft.EntityFrameworkCore.Abstractions": {
        "type": "Transitive",
        "resolved": "11.0.0-rc.1.26425.128",
        "contentHash": "WFsX+C+h2e/BKr//Cv9c82+zPweVUQN/dWXJiW8KvXwhkpJXB5tj3E3vgDmjX0nHbVnrrnE9G7iJlMSf0l2VoQ=="
      },
      "Microsoft.EntityFrameworkCore.Analyzers": {
        "type": "Transitive",
        "resolved": "11.0.0-rc.1.26425.128",
        "contentHash": "EC8SOxAcKbRGToF7MpHr0zPZ2QSZ3mkHuqI+rxu3ITz19ctvep0dzaHPN3F/JQ1vVQBbMr7gN0a9KxMqDhRcoQ=="
      },
      "Microsoft.EntityFrameworkCore.Relational": {
        "type": "Transitive",
        "resolved": "11.0.0-rc.1.26425.128",
        "contentHash": "JOxKBGYUg8aj/flaHdvhkqsRO5iKKiROMjVt+25BzVvSzMb/y1SnuvlGnsDFjtTI9qlZ0+TLsmNe1WDKxBkUMw==",
        "dependencies": {
          "Microsoft.EntityFrameworkCore": "[11.0.0-rc.1.26425.128, 12.0.0-a)"
        }
      },
      "Microsoft.Extensions.DependencyModel": {
        "type": "Transitive",
        "resolved": "11.0.0-rc.1.26425.128",
        "contentHash": "Vp6l7w5Q4M8z3DCzHuu/KFtwjt7zI5fMm1/QdXk72c/nnSSp7ws7pR3Ls8b5qGaGeUjU0MigDFebn0FUDEk8nQ=="
      },
      "Microsoft.Extensions.ServiceDiscovery.Abstractions": {
        "type": "Transitive",
        "resolved": "10.10.0",
        "contentHash": "4zhzINrA/ChIzU47J5EaJdVenCJvSXpcNPo7arvTXy8VrUijkjWqOksBSdoxTmlpSo1XBK/H4pKoNbNdLL4n1w=="
      },
      "Microsoft.Identity.Client": {
        "type": "Transitive",
        "resolved": "4.90.0",
        "contentHash": "oc5A0jmu083T3OW1JVYMrM1rekIL8SkBRB/byMMQjFuYlRZsMh3wDeCwwrz9sGI6XlP5BIqO7XWgjPpF3reF5A==",
        "dependencies": {
          "Microsoft.IdentityModel.Abstractions": "8.14.0"
        }
      },
      "Microsoft.Identity.Client.Extensions.Msal": {
        "type": "Transitive",
        "resolved": "4.90.0",
        "contentHash": "/L7b+fNF+ITSw3SPlbgE7ax2MqVg/a60kHsDooKUbjYDdX88COTTwE20qRPT84fykehBTSmP7LSxh6b5hwIEOw==",
        "dependencies": {
          "Microsoft.Identity.Client": "4.90.0",
          "System.Security.Cryptography.ProtectedData": "4.5.0"
        }
      },
      "Microsoft.IdentityModel.Abstractions": {
        "type": "Transitive",
        "resolved": "8.23.0",
        "contentHash": "JjiBkKj12OKvuWr+kB5sQwb7fmWW5bi03Mq/rd2Fu/7YwZ1RWQO9KhI9lBxki4o1VvY0wzqny8c7nwx1uuZzVg=="
      },
      "Microsoft.IdentityModel.Logging": {
        "type": "Transitive",
        "resolved": "8.23.0",
        "contentHash": "wSXXOoV4b4hhRcC492jyNBZkO0LWrcWtWP5Cl5ujrON3vTMlufXDT39gTZfBhFAZCV2XJtNU6DLHMDR6E9YpUg==",
        "dependencies": {
          "Microsoft.IdentityModel.Abstractions": "8.23.0"
        }
      },
      "Microsoft.IdentityModel.Protocols": {
        "type": "Transitive",
        "resolved": "8.23.0",
        "contentHash": "wQxyMdH/9Q25/kF7B56YgyqEaUBXJEQ5IY0TEKNH3oAPewNxVOl0ENuaKu0sazR0kw4owQDDSF+AvWcEFEvo2g==",
        "dependencies": {
          "Microsoft.IdentityModel.Tokens": "8.23.0"
        }
      },
      "Microsoft.IdentityModel.Tokens": {
        "type": "Transitive",
        "resolved": "8.23.0",
        "contentHash": "PUowLq8gqICt+oepHWmKBOJmnVmWoQ5dOVn2CgwFMBZZOAEMHgCQLWs8ONYdsjAyjhDHaFy+AAx0OMG/oV06Zw==",
        "dependencies": {
          "Microsoft.Bcl.Cryptography": "10.0.2",
          "Microsoft.IdentityModel.Logging": "8.23.0"
        }
      },
      "Microsoft.OpenApi": {
        "type": "Transitive",
        "resolved": "3.10.0",
        "contentHash": "Iltx5vuQ+TWyuxsLNnLAaqm9RDdOtwWLgJtwH/XSKe/MkdpDQepqDi7it/4OM7JpLsHl1Ir65mm9vpAkbiNlow=="
      },
      "Microsoft.VisualStudio.SolutionPersistence": {
        "type": "Transitive",
        "resolved": "1.0.52",
        "contentHash": "oNv2JtYXhpdJrX63nibx1JT3uCESOBQ1LAk7Dtz/sr0+laW0KRM6eKp4CZ3MHDR2siIkKsY8MmUkeP5DKkQQ5w=="
      },
      "Mono.TextTemplating": {
        "type": "Transitive",
        "resolved": "3.0.0",
        "contentHash": "YqueG52R/Xej4VVbKuRIodjiAhV0HR/XVbLbNrJhCZnzjnSjgMJ/dCdV0akQQxavX6hp/LC6rqLGLcXeQYU7XA==",
        "dependencies": {
          "System.CodeDom": "6.0.0"
        }
      },
      "Npgsql": {
        "type": "Transitive",
        "resolved": "10.0.3",
        "contentHash": "7nb5YzXuvWWJxB0J8DiyL3we+X4FOctZrt0fIBnucOIaIevFEEwGQVZKtiu9olXdlNAK1eNgqSral6r/jlhI4w=="
      },
      "OpenTelemetry": {
        "type": "Transitive",
        "resolved": "1.19.1",
        "contentHash": "6ywhc3upf+dq8EsOohj7I7zS3l4yX9vfbtFkvyEC8xIUY4Z9iDIOVuke356eCAzIZaWtmwmmyl2UXYCp5n7I3Q==",
        "dependencies": {
          "OpenTelemetry.Api.ProviderBuilderExtensions": "1.19.1"
        }
      },
      "OpenTelemetry.Api": {
        "type": "Transitive",
        "resolved": "1.19.1",
        "contentHash": "9JKIH+xrV0HNTFjQC8zrx9gZpDOMEljN5Htg/U0VE2IvO3N+7bKALCCsGy5tp09marX5dd8UkrgQFoLaulIBRw=="
      },
      "OpenTelemetry.Api.ProviderBuilderExtensions": {
        "type": "Transitive",
        "resolved": "1.19.1",
        "contentHash": "HtGe72B/IhzKqdU0a3fNE5osax/Cegwxd+p4u6lOFy20nsgmeaFuP2NRyFs1WvrOv/bpkII3IvvBkKoZXG8BLg==",
        "dependencies": {
          "OpenTelemetry.Api": "1.19.1"
        }
      },
      "System.ClientModel": {
        "type": "Transitive",
        "resolved": "1.16.0",
        "contentHash": "vLljZON+8lXDUtsPP8uwsPvsBSQaUHhh8NvB+D9TQsXu5n622RLtuLyZAcyIFc98b8ixrwD0AhzUQhtg2NwJnQ==",
        "dependencies": {
          "System.Memory.Data": "10.0.10"
        }
      },
      "System.CodeDom": {
        "type": "Transitive",
        "resolved": "6.0.0",
        "contentHash": "CPc6tWO1LAer3IzfZufDBRL+UZQcj5uS207NHALQzP84Vp/z6wF0Aa0YZImOQY8iStY0A2zI/e3ihKNPfUm8XA=="
      },
      "System.Composition": {
        "type": "Transitive",
        "resolved": "9.0.0",
        "contentHash": "3Djj70fFTraOarSKmRnmRy/zm4YurICm+kiCtI0dYRqGJnLX6nJ+G3WYuFJ173cAPax/gh96REcbNiVqcrypFQ==",
        "dependencies": {
          "System.Composition.AttributedModel": "9.0.0",
          "System.Composition.Convention": "9.0.0",
          "System.Composition.Hosting": "9.0.0",
          "System.Composition.Runtime": "9.0.0",
          "System.Composition.TypedParts": "9.0.0"
        }
      },
      "System.Composition.AttributedModel": {
        "type": "Transitive",
        "resolved": "9.0.0",
        "contentHash": "iri00l/zIX9g4lHMY+Nz0qV1n40+jFYAmgsaiNn16xvt2RDwlqByNG4wgblagnDYxm3YSQQ0jLlC/7Xlk9CzyA=="
      },
      "System.Composition.Convention": {
        "type": "Transitive",
        "resolved": "9.0.0",
        "contentHash": "+vuqVP6xpi582XIjJi6OCsIxuoTZfR0M7WWufk3uGDeCl3wGW6KnpylUJ3iiXdPByPE0vR5TjJgR6hDLez4FQg==",
        "dependencies": {
          "System.Composition.AttributedModel": "9.0.0"
        }
      },
      "System.Composition.Hosting": {
        "type": "Transitive",
        "resolved": "9.0.0",
        "contentHash": "OFqSeFeJYr7kHxDfaViGM1ymk7d4JxK//VSoNF9Ux0gpqkLsauDZpu89kTHHNdCWfSljbFcvAafGyBoY094btQ==",
        "dependencies": {
          "System.Composition.Runtime": "9.0.0"
        }
      },
      "System.Composition.Runtime": {
        "type": "Transitive",
        "resolved": "9.0.0",
        "contentHash": "w1HOlQY1zsOWYussjFGZCEYF2UZXgvoYnS94NIu2CBnAGMbXFAX8PY8c92KwUItPmowal68jnVLBCzdrWLeEKA=="
      },
      "System.Composition.TypedParts": {
        "type": "Transitive",
        "resolved": "9.0.0",
        "contentHash": "aRZlojCCGEHDKqh43jaDgaVpYETsgd7Nx4g1zwLKMtv4iTo0627715ajEFNpEEBTgLmvZuv8K0EVxc3sM4NWJA==",
        "dependencies": {
          "System.Composition.AttributedModel": "9.0.0",
          "System.Composition.Hosting": "9.0.0",
          "System.Composition.Runtime": "9.0.0"
        }
      },
      "System.IdentityModel.Tokens.Jwt": {
        "type": "Transitive",
        "resolved": "8.23.0",
        "contentHash": "mUuRjk0KKvF3dlF7CKcnjHn/4TFaWRDGjDRtn1rACitoIflv96apfLD9KPDisyCEuc/0ierocnHCvIXBvCL4Sw==",
        "dependencies": {
          "Microsoft.IdentityModel.JsonWebTokens": "8.23.0",
          "Microsoft.IdentityModel.Tokens": "8.23.0"
        }
      },
      "System.IO.Hashing": {
        "type": "Transitive",
        "resolved": "10.0.9",
        "contentHash": "vixglGnKEexAJDeIRhyayZYzxyrgK1K9GU3K/zRZVwDbaDcMkSqj4WDHoVmQMNfsdUtLALfNSJw6mBIpdxie4A=="
      },
      "System.Memory.Data": {
        "type": "Transitive",
        "resolved": "10.0.10",
        "contentHash": "roR+5AeOpflUxJQlqSfsZs/Bvi1uw4KBuTkIgF1e8l0RdalG4AUn84+sjJLclEfOV85gAjc8+Pp540qjDE5UIg=="
      },
      "System.Security.Cryptography.ProtectedData": {
        "type": "Transitive",
        "resolved": "4.5.0",
        "contentHash": "wLBKzFnDCxP12VL9ANydSYhk59fC4cvOr9ypYQLPnAj48NQIhqnjdD2yhP8yEKyBJEjERWS9DisKL7rX5eU25Q=="
      },
      "bagatka.aisloth.agentaccounts": {
        "type": "Project",
        "dependencies": {
          "Bagatka.AiSloth.AgentAccounts.Contracts": "[1.0.0, )",
          "Bagatka.Foundation.Modules": "[1.0.0, )",
          "Bagatka.Sdk.OpenAI": "[1.0.0, )"
        }
      },
      "bagatka.aisloth.agentaccounts.contracts": {
        "type": "Project",
        "dependencies": {
          "Bagatka.AiSloth.Workspaces.Contracts": "[1.0.0, )",
          "Bagatka.Foundation": "[1.0.0, )"
        }
      },
      "bagatka.aisloth.chats": {
        "type": "Project",
        "dependencies": {
          "Bagatka.AiSloth.Chats.Contracts": "[1.0.0, )",
          "Bagatka.Foundation.Modules": "[1.0.0, )",
          "Bagatka.Harnesses": "[1.0.0, )",
          "Bagatka.ObjectStorage": "[1.0.0, )"
        }
      },
      "bagatka.aisloth.chats.contracts": {
        "type": "Project",
        "dependencies": {
          "Bagatka.AiSloth.AgentAccounts.Contracts": "[1.0.0, )",
          "Bagatka.AiSloth.Nooks.Contracts": "[1.0.0, )",
          "Bagatka.AiSloth.Workspaces.Contracts": "[1.0.0, )",
          "Bagatka.Foundation": "[1.0.0, )"
        }
      },
      "bagatka.aisloth.daemonprotocol": {
        "type": "Project",
        "dependencies": {
          "Google.Protobuf": "[3.36.2, )",
          "Grpc.Core.Api": "[2.84.0, )"
        }
      },
      "bagatka.aisloth.machineprotocol": {
        "type": "Project",
        "dependencies": {
          "Bagatka.Sandboxing.Remote": "[1.0.0, )",
          "Google.Protobuf": "[3.36.2, )",
          "Grpc.Core.Api": "[2.84.0, )"
        }
      },
      "bagatka.aisloth.machines": {
        "type": "Project",
        "dependencies": {
          "Bagatka.AiSloth.Machines.Contracts": "[1.0.0, )",
          "Bagatka.Foundation.Modules": "[1.0.0, )"
        }
      },
      "bagatka.aisloth.machines.contracts": {
        "type": "Project",
        "dependencies": {
          "Bagatka.AiSloth.Workspaces.Contracts": "[1.0.0, )",
          "Bagatka.Foundation": "[1.0.0, )",
          "Bagatka.Sandboxing.Remote": "[1.0.0, )"
        }
      },
      "bagatka.aisloth.nooks": {
        "type": "Project",
        "dependencies": {
          "Bagatka.AiSloth.Machines.Contracts": "[1.0.0, )",
          "Bagatka.AiSloth.Nooks.Contracts": "[1.0.0, )",
          "Bagatka.AiSloth.Secrets.Contracts": "[1.0.0, )",
          "Bagatka.AiSloth.Sources.Contracts": "[1.0.0, )",
          "Bagatka.Foundation.Modules": "[1.0.0, )",
          "Bagatka.ObjectStorage": "[1.0.0, )",
          "Bagatka.Sandboxing": "[1.0.0, )"
        }
      },
      "bagatka.aisloth.nooks.contracts": {
        "type": "Project",
        "dependencies": {
          "Bagatka.AiSloth.Sources.Contracts": "[1.0.0, )",
          "Bagatka.AiSloth.Workspaces.Contracts": "[1.0.0, )",
          "Bagatka.Foundation": "[1.0.0, )"
        }
      },
      "bagatka.aisloth.secrets": {
        "type": "Project",
        "dependencies": {
          "Bagatka.AiSloth.Secrets.Contracts": "[1.0.0, )",
          "Bagatka.Foundation.Modules": "[1.0.0, )"
        }
      },
      "bagatka.aisloth.secrets.contracts": {
        "type": "Project",
        "dependencies": {
          "Bagatka.AiSloth.Workspaces.Contracts": "[1.0.0, )",
          "Bagatka.Foundation": "[1.0.0, )"
        }
      },
      "bagatka.aisloth.sources": {
        "type": "Project",
        "dependencies": {
          "Bagatka.AiSloth.Sources.Contracts": "[1.0.0, )",
          "Bagatka.Foundation.Modules": "[1.0.0, )",
          "Bagatka.Sdk.GitHub": "[1.0.0, )"
        }
      },
      "bagatka.aisloth.sources.contracts": {
        "type": "Project",
        "dependencies": {
          "Bagatka.AiSloth.Workspaces.Contracts": "[1.0.0, )",
          "Bagatka.Foundation": "[1.0.0, )"
        }
      },
      "bagatka.aisloth.users": {
        "type": "Project",
        "dependencies": {
          "Bagatka.AiSloth.Users.Contracts": "[1.0.0, )",
          "Bagatka.Foundation.Modules": "[1.0.0, )"
        }
      },
      "bagatka.aisloth.users.contracts": {
        "type": "Project",
        "dependencies": {
          "Bagatka.Foundation": "[1.0.0, )"
        }
      },
      "bagatka.aisloth.workspaces": {
        "type": "Project",
        "dependencies": {
          "Bagatka.AiSloth.Workspaces.Contracts": "[1.0.0, )",
          "Bagatka.Foundation.Modules": "[1.0.0, )"
        }
      },
      "bagatka.aisloth.workspaces.contracts": {
        "type": "Project",
        "dependencies": {
          "Bagatka.Foundation": "[1.0.0, )"
        }
      },
      "bagatka.azure.sandboxes": {
        "type": "Project",
        "dependencies": {
          "Azure.Core": "[1.63.0, )"
        }
      },
      "bagatka.foundation": {
        "type": "Project"
      },
      "bagatka.foundation.modules": {
        "type": "Project",
        "dependencies": {
          "Bagatka.Foundation": "[1.0.0, )",
          "EFCore.NamingConventions": "[10.0.1, )",
          "Npgsql.EntityFrameworkCore.PostgreSQL": "[11.0.0-rc.1.1, )"
        }
      },
      "bagatka.foundation.web": {
        "type": "Project",
        "dependencies": {
          "Bagatka.Foundation": "[1.0.0, )"
        }
      },
      "bagatka.harnesses": {
        "type": "Project"
      },
      "bagatka.objectstorage": {
        "type": "Project"
      },
      "bagatka.objectstorage.azureblob": {
        "type": "Project",
        "dependencies": {
          "Azure.Storage.Blobs": "[12.30.0, )",
          "Bagatka.ObjectStorage": "[1.0.0, )"
        }
      },
      "bagatka.sandboxing": {
        "type": "Project",
        "dependencies": {
          "Bagatka.Foundation": "[1.0.0, )"
        }
      },
      "bagatka.sandboxing.azure": {
        "type": "Project",
        "dependencies": {
          "Bagatka.Azure.Sandboxes": "[0.1.0-preview.1, )",
          "Bagatka.Sandboxing": "[1.0.0, )"
        }
      },
      "bagatka.sandboxing.docker": {
        "type": "Project",
        "dependencies": {
          "Bagatka.Sandboxing": "[1.0.0, )",
          "Bagatka.Sdk.Docker": "[1.0.0, )"
        }
      },
      "bagatka.sandboxing.remote": {
        "type": "Project",
        "dependencies": {
          "Bagatka.Sandboxing": "[1.0.0, )",
          "Google.Protobuf": "[3.36.2, )"
        }
      },
      "bagatka.sdk.docker": {
        "type": "Project",
        "dependencies": {
          "Bagatka.Foundation": "[1.0.0, )"
        }
      },
      "bagatka.sdk.github": {
        "type": "Project",
        "dependencies": {
          "Bagatka.Foundation": "[1.0.0, )"
        }
      },
      "bagatka.sdk.openai": {
        "type": "Project",
        "dependencies": {
          "Bagatka.Foundation": "[1.0.0, )"
        }
      },
      "bagatka.servicedefaults": {
        "type": "Project",
        "dependencies": {
          "Microsoft.Extensions.ServiceDiscovery": "[10.10.0, )",
          "OpenTelemetry.Exporter.OpenTelemetryProtocol": "[1.19.1, )",
          "OpenTelemetry.Extensions.Hosting": "[1.19.1, )",
          "OpenTelemetry.Instrumentation.AspNetCore": "[1.19.0, )",
          "OpenTelemetry.Instrumentation.Http": "[1.19.0, )",
          "OpenTelemetry.Instrumentation.Runtime": "[1.19.0, )"
        }
      },
      "Azure.Core": {
        "type": "CentralTransitive",
        "requested": "[1.63.0, )",
        "resolved": "1.63.0",
        "contentHash": "5egODg5yWcRV0kkAv22jQL7YmsfupX7intDYbxZMu8giASSQVfG5+mwC+BdJOWvhFT1Y+9KzuvbUGqAVEBzsfw==",
        "dependencies": {
          "Microsoft.Bcl.AsyncInterfaces": "10.0.10",
          "Microsoft.Identity.Client": "4.90.0",
          "Microsoft.Identity.Client.Extensions.Msal": "4.90.0",
          "System.ClientModel": "1.16.0",
          "System.Memory.Data": "10.0.10"
        }
      },
      "Azure.Storage.Blobs": {
        "type": "CentralTransitive",
        "requested": "[12.30.0, )",
        "resolved": "12.30.0",
        "contentHash": "pf6tqkzNANU5Fvfibse3fVRNWJol4jb9iA/wjHu1EHEpWpFHasHaiVNc11fncvOwnphzm4xaZwXzrg34yAI2hw==",
        "dependencies": {
          "Apache.Arrow": "22.1.0",
          "Azure.Core": "1.60.0",
          "Azure.Storage.Common": "12.29.0"
        }
      },
      "EFCore.NamingConventions": {
        "type": "CentralTransitive",
        "requested": "[10.0.1, )",
        "resolved": "10.0.1",
        "contentHash": "Xs5k8XfNKPkkQSkGmZkmDI1je0prLTdxse+s8PgTFZxyBrlrTLzTBUTVJtQKSsbvu4y+luAv8DdtO5SALJE++A==",
        "dependencies": {
          "Microsoft.EntityFrameworkCore": "[10.0.1, 11.0.0)",
          "Microsoft.EntityFrameworkCore.Relational": "[10.0.1, 11.0.0)"
        }
      },
      "Google.Protobuf": {
        "type": "CentralTransitive",
        "requested": "[3.36.2, )",
        "resolved": "3.36.2",
        "contentHash": "Ci1q1iJg74qAE5riTA2FbMS0wPbpruPQI/JQ9DrAsRo2VsSxgt1e/pmxGxgrci+pXJEgrSYg2vPl8rrStZkclQ=="
      },
      "Grpc.Core.Api": {
        "type": "CentralTransitive",
        "requested": "[2.84.0, )",
        "resolved": "2.84.0",
        "contentHash": "p2SOMl6q/GZ4/5MLkgboC/z55g4zKUEruRn/g46QgppjQBVnsLZVBU/9VO7n60ll38G3Eo8Zu9b7x+W01GKFVg=="
      },
      "Microsoft.CodeAnalysis.CSharp": {
        "type": "CentralTransitive",
        "requested": "[5.9.0, )",
        "resolved": "5.3.0",
        "contentHash": "SQFNGQF4f7UfDXKxMzzGNMr3fjrPDIjLfmRvvVgDCw+dyvEHDaRfHuKA5q0Pr0/JW0Gcw89TxrxrS/MjwBvluQ==",
        "dependencies": {
          "Microsoft.CodeAnalysis.Analyzers": "5.3.0-2.25625.1",
          "Microsoft.CodeAnalysis.Common": "[5.3.0]"
        }
      },
      "Microsoft.Extensions.ServiceDiscovery": {
        "type": "CentralTransitive",
        "requested": "[10.10.0, )",
        "resolved": "10.10.0",
        "contentHash": "YdTl+XNxLiy8OYCFsYuSKkTGE9VyBaJlL+hlN+g9fSLwn77z37mkkdsjMnw3JhUZLd5nHotl9yQMI4s57FX1Dw==",
        "dependencies": {
          "Microsoft.Extensions.ServiceDiscovery.Abstractions": "10.10.0"
        }
      },
      "Microsoft.IdentityModel.JsonWebTokens": {
        "type": "CentralTransitive",
        "requested": "[8.23.0, )",
        "resolved": "8.23.0",
        "contentHash": "ePEm+mv5iswzckE3mygh52uFUeQpVlHa1B10nS4jpEyNV5tL1mLgRS9U5sMaRlhsPRsZ1DJP0+FhxSrOIfMGIg==",
        "dependencies": {
          "Microsoft.IdentityModel.Tokens": "8.23.0"
        }
      },
      "Npgsql.EntityFrameworkCore.PostgreSQL": {
        "type": "CentralTransitive",
        "requested": "[11.0.0-rc.1.1, )",
        "resolved": "11.0.0-rc.1.1",
        "contentHash": "uBtHFXI04DrFlRXJjDRr44kAJMdetNCIOjDDbNRKBvrPuIQ7TtVLUHzt5RdGTbXQ0++6Tk9101g0858imFQWHA==",
        "dependencies": {
          "Microsoft.EntityFrameworkCore": "[11.0.0-rc.1.26425.128]",
          "Microsoft.EntityFrameworkCore.Relational": "[11.0.0-rc.1.26425.128]",
          "Npgsql": "10.0.3"
        }
      },
      "OpenTelemetry.Exporter.OpenTelemetryProtocol": {
        "type": "CentralTransitive",
        "requested": "[1.19.1, )",
        "resolved": "1.19.1",
        "contentHash": "vsYYOBf/KxNubnuoja8pjJ9LG0zCC9HAYPay+R6N5ZKZMbhNdKWbaq6JZqJqTvK+55rudiqErJySekf9ql8okA==",
        "dependencies": {
          "OpenTelemetry": "1.19.1"
        }
      },
      "OpenTelemetry.Extensions.Hosting": {
        "type": "CentralTransitive",
        "requested": "[1.19.1, )",
        "resolved": "1.19.1",
        "contentHash": "3qqZfVmW8mKA2/fRwI83o8z+yZd33KbEqRlXrlX0+3e/U7i+z0MQiCr0L3Axxa0jGdiylIrpWX4DIT9nAbJ00A==",
        "dependencies": {
          "OpenTelemetry": "1.19.1"
        }
      },
      "OpenTelemetry.Instrumentation.AspNetCore": {
        "type": "CentralTransitive",
        "requested": "[1.19.0, )",
        "resolved": "1.19.0",
        "contentHash": "reypo7g0Nzyssg1EkbfWU6W58CVFgtgkSEGrFXtbpA+bNit7HUs7587DOkOdPCgqWr3IL4f6X9B2yhnU6POrFA==",
        "dependencies": {
          "OpenTelemetry.Api.ProviderBuilderExtensions": "[1.19.0, 2.0.0)"
        }
      },
      "OpenTelemetry.Instrumentation.Http": {
        "type": "CentralTransitive",
        "requested": "[1.19.0, )",
        "resolved": "1.19.0",
        "contentHash": "+egJpWBRfYP3ldfexV2bmJyzOWkkOPVYikw/vUEtbUvf2exJfY3RGInXrYlubhBIH6rmNEn6sI/FmqenZJwkjw==",
        "dependencies": {
          "OpenTelemetry.Api.ProviderBuilderExtensions": "[1.19.0, 2.0.0)"
        }
      },
      "OpenTelemetry.Instrumentation.Runtime": {
        "type": "CentralTransitive",
        "requested": "[1.19.0, )",
        "resolved": "1.19.0",
        "contentHash": "VIH2tQ2h31j4wQyZ9Utk8ZXIyj7Z1j0xIiyPRGjYu1MmZjJtpxRh0Y/NnB6fEBimNg/WrX0jDyfMeEjPQqmaMA==",
        "dependencies": {
          "OpenTelemetry.Api": "[1.19.0, 2.0.0)"
        }
      }
    }
  }
}