{
  "version": 2,
  "dependencies": {
    "net11.0": {
      "Meziantou.Analyzer": {
        "type": "Direct",
        "requested": "[3.0.294, )",
        "resolved": "3.0.294",
        "contentHash": "j78ENG75OozcuL0OPSIjvgLaYI4F5nS8mpK02PlXCCCXj8A4CAIfpKw27ZPvG4k8TweGqParV8Dwm2VAwBBmgg=="
      },
      "Microsoft.CodeAnalysis.BannedApiAnalyzers": {
        "type": "Direct",
        "requested": "[5.6.0, )",
        "resolved": "5.6.0",
        "contentHash": "Kcobt3pnOdO0A+6CKiMHZdTEluJpsfxiV20axtZdmfBQnDmiWTKPJADlgAfdTuKNAnVarrkJa0UEGwuOo91muw=="
      },
      "Microsoft.Bcl.AsyncInterfaces": {
        "type": "Transitive",
        "resolved": "10.0.10",
        "contentHash": "TFI6OKYE1XZz4SGuTSH70c6SBdPpFktXsoa1gCxTr3mKrhmXirnvaS0tKz+J3ZWICEAmMpEGn59nO4ICtUpQXA=="
      },
      "Microsoft.Identity.Client": {
        "type": "Transitive",
        "resolved": "4.90.0",
        "contentHash": "oc5A0jmu083T3OW1JVYMrM1rekIL8SkBRB/byMMQjFuYlRZsMh3wDeCwwrz9sGI6XlP5BIqO7XWgjPpF3reF5A==",
        "dependencies": {
          "Microsoft.IdentityModel.Abstractions": "8.14.0"
        }
      },
      "Microsoft.Identity.Client.Extensions.Msal": {
        "type": "Transitive",
        "resolved": "4.90.0",
        "contentHash": "/L7b+fNF+ITSw3SPlbgE7ax2MqVg/a60kHsDooKUbjYDdX88COTTwE20qRPT84fykehBTSmP7LSxh6b5hwIEOw==",
        "dependencies": {
          "Microsoft.Identity.Client": "4.90.0",
          "System.Security.Cryptography.ProtectedData": "4.5.0"
        }
      },
      "Microsoft.IdentityModel.Abstractions": {
        "type": "Transitive",
        "resolved": "8.14.0",
        "contentHash": "iwbCpSjD3ehfTwBhtSNEtKPK0ICun6ov7Ibx6ISNA9bfwIyzI2Siwyi9eJFCJBwxowK9xcA1mj+jBWiigeqgcQ=="
      },
      "System.ClientModel": {
        "type": "Transitive",
        "resolved": "1.16.0",
        "contentHash": "vLljZON+8lXDUtsPP8uwsPvsBSQaUHhh8NvB+D9TQsXu5n622RLtuLyZAcyIFc98b8ixrwD0AhzUQhtg2NwJnQ==",
        "dependencies": {
          "System.Memory.Data": "10.0.10"
        }
      },
      "System.Memory.Data": {
        "type": "Transitive",
        "resolved": "10.0.10",
        "contentHash": "roR+5AeOpflUxJQlqSfsZs/Bvi1uw4KBuTkIgF1e8l0RdalG4AUn84+sjJLclEfOV85gAjc8+Pp540qjDE5UIg=="
      },
      "System.Security.Cryptography.ProtectedData": {
        "type": "Transitive",
        "resolved": "4.5.0",
        "contentHash": "wLBKzFnDCxP12VL9ANydSYhk59fC4cvOr9ypYQLPnAj48NQIhqnjdD2yhP8yEKyBJEjERWS9DisKL7rX5eU25Q=="
      },
      "bagatka.azure.sandboxes": {
        "type": "Project",
        "dependencies": {
          "Azure.Core": "[1.63.0, )"
        }
      },
      "bagatka.foundation": {
        "type": "Project"
      },
      "bagatka.sandboxing": {
        "type": "Project",
        "dependencies": {
          "Bagatka.Foundation": "[1.0.0, )"
        }
      },
      "Azure.Core": {
        "type": "CentralTransitive",
        "requested": "[1.63.0, )",
        "resolved": "1.63.0",
        "contentHash": "5egODg5yWcRV0kkAv22jQL7YmsfupX7intDYbxZMu8giASSQVfG5+mwC+BdJOWvhFT1Y+9KzuvbUGqAVEBzsfw==",
        "dependencies": {
          "Microsoft.Bcl.AsyncInterfaces": "10.0.10",
          "Microsoft.Identity.Client": "4.90.0",
          "Microsoft.Identity.Client.Extensions.Msal": "4.90.0",
          "System.ClientModel": "1.16.0",
          "System.Memory.Data": "10.0.10"
        }
      }
    }
  }
}